
Microsoft Visual Studio Solution File, Format Version 12.00
# Visual Studio Version 16
VisualStudioVersion = 16.0.31205.134
MinimumVisualStudioVersion = 10.0.40219.1
Project("{FAE04EC0-301F-11D3-BF4B-00C04F79EFBC}") = "CalculadoraWPF", "Ejercicio1WPF\CalculadoraWPF.csproj", "{23BB6CFC-32A2-4AB1-9D07-5E7BD318A4AF}"
EndProject
Global
	GlobalSection(SolutionConfigurationPlatforms) = preSolution
		Debug|Any CPU = Debug|Any CPU
		Release|Any CPU = Release|Any CPU
	EndGlobalSection
	GlobalSection(ProjectConfigurationPlatforms) = postSolution
		{23BB6CFC-32A2-4AB1-9D07-5E7BD318A4AF}.Debug|Any CPU.ActiveCfg = Debug|Any CPU
		{23BB6CFC-32A2-4AB1-9D07-5E7BD318A4AF}.Debug|Any CPU.Build.0 = Debug|Any CPU
		{23BB6CFC-32A2-4AB1-9D07-5E7BD318A4AF}.Release|Any CPU.ActiveCfg = Release|Any CPU
		{23BB6CFC-32A2-4AB1-9D07-5E7BD318A4AF}.Release|Any CPU.Build.0 = Release|Any CPU
	EndGlobalSection
	GlobalSection(SolutionProperties) = preSolution
		HideSolutionNode = FALSE
	EndGlobalSection
	GlobalSection(ExtensibilityGlobals) = postSolution
		SolutionGuid = {9AF8B1C5-D762-4693-9694-29D9382561B5}
	EndGlobalSection
EndGlobal
